
Microsoft Visual Studio Solution File, Format Version 12.00
# Visual Studio Version 16
VisualStudioVersion = 16.0.30517.126
MinimumVisualStudioVersion = 10.0.40219.1
Project("{9092AA53-FB77-4645-B42D-1CCCA6BD08BD}") = "Lab2NodeJs", "Lab2NodeJs.njsproj", "{3DDECF9A-6365-4379-91AE-D761F27E0F9E}"
EndProject
Global
	GlobalSection(SolutionConfigurationPlatforms) = preSolution
		Debug|Any CPU = Debug|Any CPU
		Release|Any CPU = Release|Any CPU
	EndGlobalSection
	GlobalSection(ProjectConfigurationPlatforms) = postSolution
		{3DDECF9A-6365-4379-91AE-D761F27E0F9E}.Debug|Any CPU.ActiveCfg = Debug|Any CPU
		{3DDECF9A-6365-4379-91AE-D761F27E0F9E}.Debug|Any CPU.Build.0 = Debug|Any CPU
		{3DDECF9A-6365-4379-91AE-D761F27E0F9E}.Release|Any CPU.ActiveCfg = Release|Any CPU
		{3DDECF9A-6365-4379-91AE-D761F27E0F9E}.Release|Any CPU.Build.0 = Release|Any CPU
	EndGlobalSection
	GlobalSection(SolutionProperties) = preSolution
		HideSolutionNode = FALSE
	EndGlobalSection
	GlobalSection(ExtensibilityGlobals) = postSolution
		SolutionGuid = {19780C70-CA05-4BF8-BBB6-84C073FB330A}
	EndGlobalSection
EndGlobal
